
Microsoft Visual Studio Solution File, Format Version 12.00
# Visual Studio Version 16
VisualStudioVersion = 16.0.30320.27
MinimumVisualStudioVersion = 15.0.26124.0
Project("{2150E333-8FDC-42A3-9474-1A3956D46DE8}") = "src", "src", "{42807082-F660-4B4F-A8EE-98685822BA16}"
EndProject
Project("{9A19103F-16F7-4668-BE54-9A1E7A4F7556}") = "KMSGuildExtractor", "src\KMSGuildExtractor\KMSGuildExtractor.csproj", "{F394504B-9149-4F01-B647-E617E770DC26}"
EndProject
Project("{9A19103F-16F7-4668-BE54-9A1E7A4F7556}") = "KMSGuildExtractor.Core", "src\KMSGuildExtractor.Core\KMSGuildExtractor.Core.csproj", "{2D1ACBA5-3ED7-44CA-8E75-9E274F18224C}"
EndProject
Project("{2150E333-8FDC-42A3-9474-1A3956D46DE8}") = "Solution Items", "Solution Items", "{59CE2521-F492-4CFC-A324-EB498B0A090F}"
	ProjectSection(SolutionItems) = preProject
		.editorconfig = .editorconfig
	EndProjectSection
EndProject
Global
	GlobalSection(SolutionConfigurationPlatforms) = preSolution
		Debug|Any CPU = Debug|Any CPU
		Debug|x64 = Debug|x64
		Debug|x86 = Debug|x86
		Release|Any CPU = Release|Any CPU
		Release|x64 = Release|x64
		Release|x86 = Release|x86
	EndGlobalSection
	GlobalSection(ProjectConfigurationPlatforms) = postSolution
		{F394504B-9149-4F01-B647-E617E770DC26}.Debug|Any CPU.ActiveCfg = Debug|Any CPU
		{F394504B-9149-4F01-B647-E617E770DC26}.Debug|Any CPU.Build.0 = Debug|Any CPU
		{F394504B-9149-4F01-B647-E617E770DC26}.Debug|x64.ActiveCfg = Debug|Any CPU
		{F394504B-9149-4F01-B647-E617E770DC26}.Debug|x64.Build.0 = Debug|Any CPU
		{F394504B-9149-4F01-B647-E617E770DC26}.Debug|x86.ActiveCfg = Debug|Any CPU
		{F394504B-9149-4F01-B647-E617E770DC26}.Debug|x86.Build.0 = Debug|Any CPU
		{F394504B-9149-4F01-B647-E617E770DC26}.Release|Any CPU.ActiveCfg = Release|Any CPU
		{F394504B-9149-4F01-B647-E617E770DC26}.Release|Any CPU.Build.0 = Release|Any CPU
		{F394504B-9149-4F01-B647-E617E770DC26}.Release|x64.ActiveCfg = Release|Any CPU
		{F394504B-9149-4F01-B647-E617E770DC26}.Release|x64.Build.0 = Release|Any CPU
		{F394504B-9149-4F01-B647-E617E770DC26}.Release|x86.ActiveCfg = Release|Any CPU
		{F394504B-9149-4F01-B647-E617E770DC26}.Release|x86.Build.0 = Release|Any CPU
		{2D1ACBA5-3ED7-44CA-8E75-9E274F18224C}.Debug|Any CPU.ActiveCfg = Debug|Any CPU
		{2D1ACBA5-3ED7-44CA-8E75-9E274F18224C}.Debug|Any CPU.Build.0 = Debug|Any CPU
		{2D1ACBA5-3ED7-44CA-8E75-9E274F18224C}.Debug|x64.ActiveCfg = Debug|Any CPU
		{2D1ACBA5-3ED7-44CA-8E75-9E274F18224C}.Debug|x64.Build.0 = Debug|Any CPU
		{2D1ACBA5-3ED7-44CA-8E75-9E274F18224C}.Debug|x86.ActiveCfg = Debug|Any CPU
		{2D1ACBA5-3ED7-44CA-8E75-9E274F18224C}.Debug|x86.Build.0 = Debug|Any CPU
		{2D1ACBA5-3ED7-44CA-8E75-9E274F18224C}.Release|Any CPU.ActiveCfg = Release|Any CPU
		{2D1ACBA5-3ED7-44CA-8E75-9E274F18224C}.Release|Any CPU.Build.0 = Release|Any CPU
		{2D1ACBA5-3ED7-44CA-8E75-9E274F18224C}.Release|x64.ActiveCfg = Release|Any CPU
		{2D1ACBA5-3ED7-44CA-8E75-9E274F18224C}.Release|x64.Build.0 = Release|Any CPU
		{2D1ACBA5-3ED7-44CA-8E75-9E274F18224C}.Release|x86.ActiveCfg = Release|Any CPU
		{2D1ACBA5-3ED7-44CA-8E75-9E274F18224C}.Release|x86.Build.0 = Release|Any CPU
	EndGlobalSection
	GlobalSection(SolutionProperties) = preSolution
		HideSolutionNode = FALSE
	EndGlobalSection
	GlobalSection(NestedProjects) = preSolution
		{F394504B-9149-4F01-B647-E617E770DC26} = {42807082-F660-4B4F-A8EE-98685822BA16}
		{2D1ACBA5-3ED7-44CA-8E75-9E274F18224C} = {42807082-F660-4B4F-A8EE-98685822BA16}
	EndGlobalSection
	GlobalSection(ExtensibilityGlobals) = postSolution
		RESX_NeutralResourcesLanguage = ko-KR
		SolutionGuid = {0639AF34-E939-4498-A130-E0B9C96CE159}
	EndGlobalSection
EndGlobal
